
Microsoft Visual Studio Solution File, Format Version 12.00
# Visual Studio Version 16
VisualStudioVersion = 16.0.29306.81
MinimumVisualStudioVersion = 10.0.40219.1
Project("{FAE04EC0-301F-11D3-BF4B-00C04F79EFBC}") = "WebApplication1", "WebApplication1\WebApplication1.csproj", "{6A1F7DCF-5C1C-4159-9CBC-1A5B239E5816}"
EndProject
Global
	GlobalSection(SolutionConfigurationPlatforms) = preSolution
		Debug|Any CPU = Debug|Any CPU
		Release|Any CPU = Release|Any CPU
	EndGlobalSection
	GlobalSection(ProjectConfigurationPlatforms) = postSolution
		{6A1F7DCF-5C1C-4159-9CBC-1A5B239E5816}.Debug|Any CPU.ActiveCfg = Debug|Any CPU
		{6A1F7DCF-5C1C-4159-9CBC-1A5B239E5816}.Debug|Any CPU.Build.0 = Debug|Any CPU
		{6A1F7DCF-5C1C-4159-9CBC-1A5B239E5816}.Release|Any CPU.ActiveCfg = Release|Any CPU
		{6A1F7DCF-5C1C-4159-9CBC-1A5B239E5816}.Release|Any CPU.Build.0 = Release|Any CPU
	EndGlobalSection
	GlobalSection(SolutionProperties) = preSolution
		HideSolutionNode = FALSE
	EndGlobalSection
	GlobalSection(ExtensibilityGlobals) = postSolution
		SolutionGuid = {54BEE58A-8A82-4C74-AE97-E4A4BACC3F69}
	EndGlobalSection
EndGlobal
